
Microsoft Visual Studio Solution File, Format Version 12.00
# Visual Studio Version 17
VisualStudioVersion = 17.8.34511.84
MinimumVisualStudioVersion = 10.0.40219.1
Project("{2150E333-8FDC-42A3-9474-1A3956D46DE8}") = "resources", "resources", "{691646AA-F5F5-4DA8-BB49-BA2617EAAB3F}"
	ProjectSection(SolutionItems) = preProject
		resources\flex-architect.jpg = resources\flex-architect.jpg
		global.json = global.json
		overview.md = overview.md
		README.md = README.md
		requirements.md = requirements.md
		scratch.md = scratch.md
	EndProjectSection
EndProject
Project("{2150E333-8FDC-42A3-9474-1A3956D46DE8}") = "src", "src", "{267D124B-9BBF-4716-BE75-480995D88776}"
EndProject
Project("{2150E333-8FDC-42A3-9474-1A3956D46DE8}") = "ApiGateways", "ApiGateways", "{5A507416-1EA0-4D0F-BE59-D1D1FD91A3C7}"
EndProject
Project("{2150E333-8FDC-42A3-9474-1A3956D46DE8}") = "BuildingBlocks", "BuildingBlocks", "{6930348E-6306-444F-9C44-7D59D69428DD}"
EndProject
Project("{9A19103F-16F7-4668-BE54-9A1E7A4F7556}") = "Flex.Contracts", "src\BuildingBlocks\Flex.Contracts\Flex.Contracts.csproj", "{501C0B59-7BE7-488A-933F-1EB6D78FD27E}"
EndProject
Project("{9A19103F-16F7-4668-BE54-9A1E7A4F7556}") = "Flex.Infrastructure", "src\BuildingBlocks\Flex.Infrastructure\Flex.Infrastructure.csproj", "{72A53505-5E45-4872-97C9-9D4367A3CF9E}"
EndProject
Project("{9A19103F-16F7-4668-BE54-9A1E7A4F7556}") = "Flex.Shared", "src\BuildingBlocks\Flex.Shared\Flex.Shared.csproj", "{D9F67675-2498-4363-90F4-02806E55E131}"
EndProject
Project("{9A19103F-16F7-4668-BE54-9A1E7A4F7556}") = "Flex.EventBus.Messages", "src\BuildingBlocks\Flex.EventBus.Messages\Flex.EventBus.Messages.csproj", "{10580FD6-EB64-4DAC-BF59-B5A52DDA7B8D}"
EndProject
Project("{2150E333-8FDC-42A3-9474-1A3956D46DE8}") = "Services", "Services", "{3BE3E9BA-E248-4A09-A26F-49F1733FCC4D}"
EndProject
Project("{2150E333-8FDC-42A3-9474-1A3956D46DE8}") = "WebApps", "WebApps", "{61FCDE31-2BC4-43B7-9B42-D16A9D45FC26}"
EndProject
Project("{9A19103F-16F7-4668-BE54-9A1E7A4F7556}") = "Flex.WebHealthStatus", "src\WebApps\Flex.WebHealthStatus\Flex.WebHealthStatus.csproj", "{2964D6C5-7E1A-4035-85F6-1D55800B78B6}"
EndProject
Project("{9A19103F-16F7-4668-BE54-9A1E7A4F7556}") = "Flex.Basket.Api", "src\Services\Basket\Flex.Basket.Api\Flex.Basket.Api.csproj", "{E24E3090-E7ED-4AF3-BFC0-DD892925488A}"
EndProject
Project("{2150E333-8FDC-42A3-9474-1A3956D46DE8}") = "Basket", "Basket", "{02604B76-D678-4C9D-979D-63542024AA52}"
EndProject
Project("{2150E333-8FDC-42A3-9474-1A3956D46DE8}") = "Inventory", "Inventory", "{54CB3AEF-B4EA-4965-8E38-98D6F825E6B4}"
EndProject
Project("{9A19103F-16F7-4668-BE54-9A1E7A4F7556}") = "Flex.Inventory.Api", "src\Services\Inventory\Flex.Inventory.Api\Flex.Inventory.Api.csproj", "{CB91D525-9248-4F40-8FEC-9654F2C29A4E}"
EndProject
Project("{9A19103F-16F7-4668-BE54-9A1E7A4F7556}") = "Flex.Inventory.Grpc", "src\Services\Inventory\Flex.Inventory.Grpc\Flex.Inventory.Grpc.csproj", "{85DC5C63-AED9-484F-BFF2-D45E61C9EBA2}"
EndProject
Project("{2150E333-8FDC-42A3-9474-1A3956D46DE8}") = "Ordering", "Ordering", "{E567425E-5975-482B-9254-68F7FADD9A2B}"
EndProject
Project("{9A19103F-16F7-4668-BE54-9A1E7A4F7556}") = "Flex.Ordering.Api", "src\Services\Ordering\Flex.Ordering.Api\Flex.Ordering.Api.csproj", "{008A64C5-A820-4B8A-9D94-929FDF0B26F9}"
EndProject
Project("{9A19103F-16F7-4668-BE54-9A1E7A4F7556}") = "Flex.Ordering.Domain", "src\Services\Ordering\Flex.Ordering.Domain\Flex.Ordering.Domain.csproj", "{E5B1A21B-24EB-471A-B784-6FB3FE774DB6}"
EndProject
Project("{9A19103F-16F7-4668-BE54-9A1E7A4F7556}") = "Flex.Ordering.Infrastructure", "src\Services\Ordering\Flex.Ordering.Infrastructure\Flex.Ordering.Infrastructure.csproj", "{6215107B-72DB-4CE9-81B7-82D7EB03F31D}"
EndProject
Project("{9A19103F-16F7-4668-BE54-9A1E7A4F7556}") = "Flex.Ordering.Application", "src\Services\Ordering\Flex.Ordering.Application\Flex.Ordering.Application.csproj", "{DA109878-2557-4ECA-8366-1EA65AF803D4}"
EndProject
Project("{2150E333-8FDC-42A3-9474-1A3956D46DE8}") = "Securities", "Securities", "{CF3ABEFB-6E0C-4A66-BA13-FBDA512F412E}"
EndProject
Project("{FAE04EC0-301F-11D3-BF4B-00C04F79EFBC}") = "Flex.Securities.Api", "src\Services\Securities\Flex.Securities.Api\Flex.Securities.Api.csproj", "{C0DC64B0-02DF-4F25-8C11-EE03FA29C176}"
EndProject
Project("{FAE04EC0-301F-11D3-BF4B-00C04F79EFBC}") = "Flex.Investor.Api", "src\Services\Investor\Flex.Investor.Api\Flex.Investor.Api.csproj", "{88565B35-C281-4119-B35E-369514860BF1}"
EndProject
Project("{2150E333-8FDC-42A3-9474-1A3956D46DE8}") = "Investor", "Investor", "{34E7A2D0-3A8E-4FC6-A977-53E90C57B0AF}"
EndProject
Project("{2150E333-8FDC-42A3-9474-1A3956D46DE8}") = "Identity", "Identity", "{918223BF-EA2C-4D0E-A3A1-A65E876ED04E}"
EndProject
Project("{2150E333-8FDC-42A3-9474-1A3956D46DE8}") = "ScheduledJob", "ScheduledJob", "{0B2FF970-E38E-4677-8564-4C67979E82EC}"
EndProject
Project("{FAE04EC0-301F-11D3-BF4B-00C04F79EFBC}") = "Flex.EmailJob.Api", "src\Services\Job\Flex.EmailJob.Api\Flex.EmailJob.Api.csproj", "{DA205867-A411-4E58-A6E2-8E724D1A7CDD}"
EndProject
Project("{2150E333-8FDC-42A3-9474-1A3956D46DE8}") = "Modules", "Modules", "{530D590E-4271-451D-A935-ABDA3636EDA9}"
EndProject
Project("{FAE04EC0-301F-11D3-BF4B-00C04F79EFBC}") = "Flex.Hangfire", "src\Modules\Flex.Hangfire\Flex.Hangfire.csproj", "{273BD10D-B08E-40B2-910B-14E93AFC3AAC}"
EndProject
Project("{FAE04EC0-301F-11D3-BF4B-00C04F79EFBC}") = "Flex.SeriLog", "src\Modules\Flex.SeriLog\Flex.SeriLog.csproj", "{C27D713F-D508-4326-9721-047B351D8A9B}"
EndProject
Project("{2150E333-8FDC-42A3-9474-1A3956D46DE8}") = "System", "System", "{A44A8B2A-09E0-4CCB-98B7-451FE2898BC9}"
EndProject
Project("{FAE04EC0-301F-11D3-BF4B-00C04F79EFBC}") = "Flex.System.Api", "src\Services\System\Flex.System.Api\Flex.System.Api.csproj", "{75759139-3C8A-4105-890B-83C545C9996C}"
EndProject
Project("{FAE04EC0-301F-11D3-BF4B-00C04F79EFBC}") = "Flex.MediaR", "src\Modules\Flex.MediaR\Flex.MediaR.csproj", "{4CDC90B6-DB2E-4721-A206-4EBBDF032990}"
EndProject
Project("{FAE04EC0-301F-11D3-BF4B-00C04F79EFBC}") = "Flex.Swashbuckle", "src\Modules\Flex.Swashbuckle\Flex.Swashbuckle.csproj", "{156C7AFA-D876-4B35-A9F2-27141F642D51}"
EndProject
Project("{FAE04EC0-301F-11D3-BF4B-00C04F79EFBC}") = "Flex.OcelotApiGateway", "src\ApiGateways\Flex.OcelotApiGateway\Flex.OcelotApiGateway.csproj", "{3D027E2D-32ED-4592-9092-825A0946C841}"
EndProject
Project("{FAE04EC0-301F-11D3-BF4B-00C04F79EFBC}") = "Flex.EntityFrameworkCore.Oracle", "src\Modules\Flex.EntityFrameworkCore.Oracle\Flex.EntityFrameworkCore.Oracle.csproj", "{CB011BAE-7464-440E-94C3-5F9A1E6DE1CD}"
EndProject
Project("{FAE04EC0-301F-11D3-BF4B-00C04F79EFBC}") = "Flex.EntityFrameworkCore", "src\Modules\Flex.EntityFrameworkCore\Flex.EntityFrameworkCore.csproj", "{BF4F0E34-1850-4953-B128-DC13206B1569}"
EndProject
Project("{FAE04EC0-301F-11D3-BF4B-00C04F79EFBC}") = "Flex.IdentityServer.Api", "src\Services\Identity\Flex.IdentityServer.Api\Flex.IdentityServer.Api.csproj", "{F2F5DA78-6912-4049-BE02-E4CF32220ED2}"
EndProject
Project("{FAE04EC0-301F-11D3-BF4B-00C04F79EFBC}") = "Flex.AspNetIdentity.Api", "src\Services\Identity\Flex.AspNetIdentity.Api\Flex.AspNetIdentity.Api.csproj", "{8CA8900B-32C1-43C9-93A8-394904020F8B}"
EndProject
Global
	GlobalSection(SolutionConfigurationPlatforms) = preSolution
		Debug|Any CPU = Debug|Any CPU
		Release|Any CPU = Release|Any CPU
	EndGlobalSection
	GlobalSection(ProjectConfigurationPlatforms) = postSolution
		{501C0B59-7BE7-488A-933F-1EB6D78FD27E}.Debug|Any CPU.ActiveCfg = Debug|Any CPU
		{501C0B59-7BE7-488A-933F-1EB6D78FD27E}.Debug|Any CPU.Build.0 = Debug|Any CPU
		{501C0B59-7BE7-488A-933F-1EB6D78FD27E}.Release|Any CPU.ActiveCfg = Release|Any CPU
		{501C0B59-7BE7-488A-933F-1EB6D78FD27E}.Release|Any CPU.Build.0 = Release|Any CPU
		{72A53505-5E45-4872-97C9-9D4367A3CF9E}.Debug|Any CPU.ActiveCfg = Debug|Any CPU
		{72A53505-5E45-4872-97C9-9D4367A3CF9E}.Debug|Any CPU.Build.0 = Debug|Any CPU
		{72A53505-5E45-4872-97C9-9D4367A3CF9E}.Release|Any CPU.ActiveCfg = Release|Any CPU
		{72A53505-5E45-4872-97C9-9D4367A3CF9E}.Release|Any CPU.Build.0 = Release|Any CPU
		{D9F67675-2498-4363-90F4-02806E55E131}.Debug|Any CPU.ActiveCfg = Debug|Any CPU
		{D9F67675-2498-4363-90F4-02806E55E131}.Debug|Any CPU.Build.0 = Debug|Any CPU
		{D9F67675-2498-4363-90F4-02806E55E131}.Release|Any CPU.ActiveCfg = Release|Any CPU
		{D9F67675-2498-4363-90F4-02806E55E131}.Release|Any CPU.Build.0 = Release|Any CPU
		{10580FD6-EB64-4DAC-BF59-B5A52DDA7B8D}.Debug|Any CPU.ActiveCfg = Debug|Any CPU
		{10580FD6-EB64-4DAC-BF59-B5A52DDA7B8D}.Debug|Any CPU.Build.0 = Debug|Any CPU
		{10580FD6-EB64-4DAC-BF59-B5A52DDA7B8D}.Release|Any CPU.ActiveCfg = Release|Any CPU
		{10580FD6-EB64-4DAC-BF59-B5A52DDA7B8D}.Release|Any CPU.Build.0 = Release|Any CPU
		{2964D6C5-7E1A-4035-85F6-1D55800B78B6}.Debug|Any CPU.ActiveCfg = Debug|Any CPU
		{2964D6C5-7E1A-4035-85F6-1D55800B78B6}.Debug|Any CPU.Build.0 = Debug|Any CPU
		{2964D6C5-7E1A-4035-85F6-1D55800B78B6}.Release|Any CPU.ActiveCfg = Release|Any CPU
		{2964D6C5-7E1A-4035-85F6-1D55800B78B6}.Release|Any CPU.Build.0 = Release|Any CPU
		{E24E3090-E7ED-4AF3-BFC0-DD892925488A}.Debug|Any CPU.ActiveCfg = Debug|Any CPU
		{E24E3090-E7ED-4AF3-BFC0-DD892925488A}.Debug|Any CPU.Build.0 = Debug|Any CPU
		{E24E3090-E7ED-4AF3-BFC0-DD892925488A}.Release|Any CPU.ActiveCfg = Release|Any CPU
		{E24E3090-E7ED-4AF3-BFC0-DD892925488A}.Release|Any CPU.Build.0 = Release|Any CPU
		{CB91D525-9248-4F40-8FEC-9654F2C29A4E}.Debug|Any CPU.ActiveCfg = Debug|Any CPU
		{CB91D525-9248-4F40-8FEC-9654F2C29A4E}.Debug|Any CPU.Build.0 = Debug|Any CPU
		{CB91D525-9248-4F40-8FEC-9654F2C29A4E}.Release|Any CPU.ActiveCfg = Release|Any CPU
		{CB91D525-9248-4F40-8FEC-9654F2C29A4E}.Release|Any CPU.Build.0 = Release|Any CPU
		{85DC5C63-AED9-484F-BFF2-D45E61C9EBA2}.Debug|Any CPU.ActiveCfg = Debug|Any CPU
		{85DC5C63-AED9-484F-BFF2-D45E61C9EBA2}.Debug|Any CPU.Build.0 = Debug|Any CPU
		{85DC5C63-AED9-484F-BFF2-D45E61C9EBA2}.Release|Any CPU.ActiveCfg = Release|Any CPU
		{85DC5C63-AED9-484F-BFF2-D45E61C9EBA2}.Release|Any CPU.Build.0 = Release|Any CPU
		{008A64C5-A820-4B8A-9D94-929FDF0B26F9}.Debug|Any CPU.ActiveCfg = Debug|Any CPU
		{008A64C5-A820-4B8A-9D94-929FDF0B26F9}.Debug|Any CPU.Build.0 = Debug|Any CPU
		{008A64C5-A820-4B8A-9D94-929FDF0B26F9}.Release|Any CPU.ActiveCfg = Release|Any CPU
		{008A64C5-A820-4B8A-9D94-929FDF0B26F9}.Release|Any CPU.Build.0 = Release|Any CPU
		{E5B1A21B-24EB-471A-B784-6FB3FE774DB6}.Debug|Any CPU.ActiveCfg = Debug|Any CPU
		{E5B1A21B-24EB-471A-B784-6FB3FE774DB6}.Debug|Any CPU.Build.0 = Debug|Any CPU
		{E5B1A21B-24EB-471A-B784-6FB3FE774DB6}.Release|Any CPU.ActiveCfg = Release|Any CPU
		{E5B1A21B-24EB-471A-B784-6FB3FE774DB6}.Release|Any CPU.Build.0 = Release|Any CPU
		{6215107B-72DB-4CE9-81B7-82D7EB03F31D}.Debug|Any CPU.ActiveCfg = Debug|Any CPU
		{6215107B-72DB-4CE9-81B7-82D7EB03F31D}.Debug|Any CPU.Build.0 = Debug|Any CPU
		{6215107B-72DB-4CE9-81B7-82D7EB03F31D}.Release|Any CPU.ActiveCfg = Release|Any CPU
		{6215107B-72DB-4CE9-81B7-82D7EB03F31D}.Release|Any CPU.Build.0 = Release|Any CPU
		{DA109878-2557-4ECA-8366-1EA65AF803D4}.Debug|Any CPU.ActiveCfg = Debug|Any CPU
		{DA109878-2557-4ECA-8366-1EA65AF803D4}.Debug|Any CPU.Build.0 = Debug|Any CPU
		{DA109878-2557-4ECA-8366-1EA65AF803D4}.Release|Any CPU.ActiveCfg = Release|Any CPU
		{DA109878-2557-4ECA-8366-1EA65AF803D4}.Release|Any CPU.Build.0 = Release|Any CPU
		{C0DC64B0-02DF-4F25-8C11-EE03FA29C176}.Debug|Any CPU.ActiveCfg = Debug|Any CPU
		{C0DC64B0-02DF-4F25-8C11-EE03FA29C176}.Debug|Any CPU.Build.0 = Debug|Any CPU
		{C0DC64B0-02DF-4F25-8C11-EE03FA29C176}.Release|Any CPU.ActiveCfg = Release|Any CPU
		{C0DC64B0-02DF-4F25-8C11-EE03FA29C176}.Release|Any CPU.Build.0 = Release|Any CPU
		{88565B35-C281-4119-B35E-369514860BF1}.Debug|Any CPU.ActiveCfg = Debug|Any CPU
		{88565B35-C281-4119-B35E-369514860BF1}.Debug|Any CPU.Build.0 = Debug|Any CPU
		{88565B35-C281-4119-B35E-369514860BF1}.Release|Any CPU.ActiveCfg = Release|Any CPU
		{88565B35-C281-4119-B35E-369514860BF1}.Release|Any CPU.Build.0 = Release|Any CPU
		{DA205867-A411-4E58-A6E2-8E724D1A7CDD}.Debug|Any CPU.ActiveCfg = Debug|Any CPU
		{DA205867-A411-4E58-A6E2-8E724D1A7CDD}.Debug|Any CPU.Build.0 = Debug|Any CPU
		{DA205867-A411-4E58-A6E2-8E724D1A7CDD}.Release|Any CPU.ActiveCfg = Release|Any CPU
		{DA205867-A411-4E58-A6E2-8E724D1A7CDD}.Release|Any CPU.Build.0 = Release|Any CPU
		{273BD10D-B08E-40B2-910B-14E93AFC3AAC}.Debug|Any CPU.ActiveCfg = Debug|Any CPU
		{273BD10D-B08E-40B2-910B-14E93AFC3AAC}.Debug|Any CPU.Build.0 = Debug|Any CPU
		{273BD10D-B08E-40B2-910B-14E93AFC3AAC}.Release|Any CPU.ActiveCfg = Release|Any CPU
		{273BD10D-B08E-40B2-910B-14E93AFC3AAC}.Release|Any CPU.Build.0 = Release|Any CPU
		{C27D713F-D508-4326-9721-047B351D8A9B}.Debug|Any CPU.ActiveCfg = Debug|Any CPU
		{C27D713F-D508-4326-9721-047B351D8A9B}.Debug|Any CPU.Build.0 = Debug|Any CPU
		{C27D713F-D508-4326-9721-047B351D8A9B}.Release|Any CPU.ActiveCfg = Release|Any CPU
		{C27D713F-D508-4326-9721-047B351D8A9B}.Release|Any CPU.Build.0 = Release|Any CPU
		{75759139-3C8A-4105-890B-83C545C9996C}.Debug|Any CPU.ActiveCfg = Debug|Any CPU
		{75759139-3C8A-4105-890B-83C545C9996C}.Debug|Any CPU.Build.0 = Debug|Any CPU
		{75759139-3C8A-4105-890B-83C545C9996C}.Release|Any CPU.ActiveCfg = Release|Any CPU
		{75759139-3C8A-4105-890B-83C545C9996C}.Release|Any CPU.Build.0 = Release|Any CPU
		{4CDC90B6-DB2E-4721-A206-4EBBDF032990}.Debug|Any CPU.ActiveCfg = Debug|Any CPU
		{4CDC90B6-DB2E-4721-A206-4EBBDF032990}.Debug|Any CPU.Build.0 = Debug|Any CPU
		{4CDC90B6-DB2E-4721-A206-4EBBDF032990}.Release|Any CPU.ActiveCfg = Release|Any CPU
		{4CDC90B6-DB2E-4721-A206-4EBBDF032990}.Release|Any CPU.Build.0 = Release|Any CPU
		{156C7AFA-D876-4B35-A9F2-27141F642D51}.Debug|Any CPU.ActiveCfg = Debug|Any CPU
		{156C7AFA-D876-4B35-A9F2-27141F642D51}.Debug|Any CPU.Build.0 = Debug|Any CPU
		{156C7AFA-D876-4B35-A9F2-27141F642D51}.Release|Any CPU.ActiveCfg = Release|Any CPU
		{156C7AFA-D876-4B35-A9F2-27141F642D51}.Release|Any CPU.Build.0 = Release|Any CPU
		{3D027E2D-32ED-4592-9092-825A0946C841}.Debug|Any CPU.ActiveCfg = Debug|Any CPU
		{3D027E2D-32ED-4592-9092-825A0946C841}.Debug|Any CPU.Build.0 = Debug|Any CPU
		{3D027E2D-32ED-4592-9092-825A0946C841}.Release|Any CPU.ActiveCfg = Release|Any CPU
		{3D027E2D-32ED-4592-9092-825A0946C841}.Release|Any CPU.Build.0 = Release|Any CPU
		{CB011BAE-7464-440E-94C3-5F9A1E6DE1CD}.Debug|Any CPU.ActiveCfg = Debug|Any CPU
		{CB011BAE-7464-440E-94C3-5F9A1E6DE1CD}.Debug|Any CPU.Build.0 = Debug|Any CPU
		{CB011BAE-7464-440E-94C3-5F9A1E6DE1CD}.Release|Any CPU.ActiveCfg = Release|Any CPU
		{CB011BAE-7464-440E-94C3-5F9A1E6DE1CD}.Release|Any CPU.Build.0 = Release|Any CPU
		{BF4F0E34-1850-4953-B128-DC13206B1569}.Debug|Any CPU.ActiveCfg = Debug|Any CPU
		{BF4F0E34-1850-4953-B128-DC13206B1569}.Debug|Any CPU.Build.0 = Debug|Any CPU
		{BF4F0E34-1850-4953-B128-DC13206B1569}.Release|Any CPU.ActiveCfg = Release|Any CPU
		{BF4F0E34-1850-4953-B128-DC13206B1569}.Release|Any CPU.Build.0 = Release|Any CPU
		{F2F5DA78-6912-4049-BE02-E4CF32220ED2}.Debug|Any CPU.ActiveCfg = Debug|Any CPU
		{F2F5DA78-6912-4049-BE02-E4CF32220ED2}.Debug|Any CPU.Build.0 = Debug|Any CPU
		{F2F5DA78-6912-4049-BE02-E4CF32220ED2}.Release|Any CPU.ActiveCfg = Release|Any CPU
		{F2F5DA78-6912-4049-BE02-E4CF32220ED2}.Release|Any CPU.Build.0 = Release|Any CPU
		{8CA8900B-32C1-43C9-93A8-394904020F8B}.Debug|Any CPU.ActiveCfg = Debug|Any CPU
		{8CA8900B-32C1-43C9-93A8-394904020F8B}.Debug|Any CPU.Build.0 = Debug|Any CPU
		{8CA8900B-32C1-43C9-93A8-394904020F8B}.Release|Any CPU.ActiveCfg = Release|Any CPU
		{8CA8900B-32C1-43C9-93A8-394904020F8B}.Release|Any CPU.Build.0 = Release|Any CPU
	EndGlobalSection
	GlobalSection(SolutionProperties) = preSolution
		HideSolutionNode = FALSE
	EndGlobalSection
	GlobalSection(NestedProjects) = preSolution
		{5A507416-1EA0-4D0F-BE59-D1D1FD91A3C7} = {267D124B-9BBF-4716-BE75-480995D88776}
		{6930348E-6306-444F-9C44-7D59D69428DD} = {267D124B-9BBF-4716-BE75-480995D88776}
		{501C0B59-7BE7-488A-933F-1EB6D78FD27E} = {6930348E-6306-444F-9C44-7D59D69428DD}
		{72A53505-5E45-4872-97C9-9D4367A3CF9E} = {6930348E-6306-444F-9C44-7D59D69428DD}
		{D9F67675-2498-4363-90F4-02806E55E131} = {6930348E-6306-444F-9C44-7D59D69428DD}
		{10580FD6-EB64-4DAC-BF59-B5A52DDA7B8D} = {6930348E-6306-444F-9C44-7D59D69428DD}
		{3BE3E9BA-E248-4A09-A26F-49F1733FCC4D} = {267D124B-9BBF-4716-BE75-480995D88776}
		{61FCDE31-2BC4-43B7-9B42-D16A9D45FC26} = {267D124B-9BBF-4716-BE75-480995D88776}
		{2964D6C5-7E1A-4035-85F6-1D55800B78B6} = {61FCDE31-2BC4-43B7-9B42-D16A9D45FC26}
		{E24E3090-E7ED-4AF3-BFC0-DD892925488A} = {02604B76-D678-4C9D-979D-63542024AA52}
		{02604B76-D678-4C9D-979D-63542024AA52} = {3BE3E9BA-E248-4A09-A26F-49F1733FCC4D}
		{54CB3AEF-B4EA-4965-8E38-98D6F825E6B4} = {3BE3E9BA-E248-4A09-A26F-49F1733FCC4D}
		{CB91D525-9248-4F40-8FEC-9654F2C29A4E} = {54CB3AEF-B4EA-4965-8E38-98D6F825E6B4}
		{85DC5C63-AED9-484F-BFF2-D45E61C9EBA2} = {54CB3AEF-B4EA-4965-8E38-98D6F825E6B4}
		{E567425E-5975-482B-9254-68F7FADD9A2B} = {3BE3E9BA-E248-4A09-A26F-49F1733FCC4D}
		{008A64C5-A820-4B8A-9D94-929FDF0B26F9} = {E567425E-5975-482B-9254-68F7FADD9A2B}
		{E5B1A21B-24EB-471A-B784-6FB3FE774DB6} = {E567425E-5975-482B-9254-68F7FADD9A2B}
		{6215107B-72DB-4CE9-81B7-82D7EB03F31D} = {E567425E-5975-482B-9254-68F7FADD9A2B}
		{DA109878-2557-4ECA-8366-1EA65AF803D4} = {E567425E-5975-482B-9254-68F7FADD9A2B}
		{CF3ABEFB-6E0C-4A66-BA13-FBDA512F412E} = {3BE3E9BA-E248-4A09-A26F-49F1733FCC4D}
		{C0DC64B0-02DF-4F25-8C11-EE03FA29C176} = {CF3ABEFB-6E0C-4A66-BA13-FBDA512F412E}
		{88565B35-C281-4119-B35E-369514860BF1} = {34E7A2D0-3A8E-4FC6-A977-53E90C57B0AF}
		{34E7A2D0-3A8E-4FC6-A977-53E90C57B0AF} = {3BE3E9BA-E248-4A09-A26F-49F1733FCC4D}
		{918223BF-EA2C-4D0E-A3A1-A65E876ED04E} = {3BE3E9BA-E248-4A09-A26F-49F1733FCC4D}
		{0B2FF970-E38E-4677-8564-4C67979E82EC} = {3BE3E9BA-E248-4A09-A26F-49F1733FCC4D}
		{DA205867-A411-4E58-A6E2-8E724D1A7CDD} = {0B2FF970-E38E-4677-8564-4C67979E82EC}
		{530D590E-4271-451D-A935-ABDA3636EDA9} = {267D124B-9BBF-4716-BE75-480995D88776}
		{273BD10D-B08E-40B2-910B-14E93AFC3AAC} = {530D590E-4271-451D-A935-ABDA3636EDA9}
		{C27D713F-D508-4326-9721-047B351D8A9B} = {530D590E-4271-451D-A935-ABDA3636EDA9}
		{A44A8B2A-09E0-4CCB-98B7-451FE2898BC9} = {3BE3E9BA-E248-4A09-A26F-49F1733FCC4D}
		{75759139-3C8A-4105-890B-83C545C9996C} = {A44A8B2A-09E0-4CCB-98B7-451FE2898BC9}
		{4CDC90B6-DB2E-4721-A206-4EBBDF032990} = {530D590E-4271-451D-A935-ABDA3636EDA9}
		{156C7AFA-D876-4B35-A9F2-27141F642D51} = {530D590E-4271-451D-A935-ABDA3636EDA9}
		{3D027E2D-32ED-4592-9092-825A0946C841} = {5A507416-1EA0-4D0F-BE59-D1D1FD91A3C7}
		{CB011BAE-7464-440E-94C3-5F9A1E6DE1CD} = {530D590E-4271-451D-A935-ABDA3636EDA9}
		{BF4F0E34-1850-4953-B128-DC13206B1569} = {530D590E-4271-451D-A935-ABDA3636EDA9}
		{F2F5DA78-6912-4049-BE02-E4CF32220ED2} = {918223BF-EA2C-4D0E-A3A1-A65E876ED04E}
		{8CA8900B-32C1-43C9-93A8-394904020F8B} = {918223BF-EA2C-4D0E-A3A1-A65E876ED04E}
	EndGlobalSection
	GlobalSection(ExtensibilityGlobals) = postSolution
		SolutionGuid = {F88DBCEE-4301-44B0-8236-94C5D6EDA695}
	EndGlobalSection
EndGlobal
